
Microsoft Visual Studio Solution File, Format Version 12.00
# Visual Studio 15
VisualStudioVersion = 15.0.27703.2047
MinimumVisualStudioVersion = 10.0.40219.1
Project("{8BC9CEB8-8B4A-11D0-8D11-00A0C91BC942}") = "IntrocppThomasK", "IntrocppThomas.K\IntrocppThomas.K.vcxproj", "{32B96EAB-51D4-4E6A-9C32-1061B0DC0A0E}"
EndProject
Project("{8BC9CEB8-8B4A-11D0-8D11-00A0C91BC942}") = "Variables", "Variables\Variables.vcxproj", "{785D2DAE-869C-4A47-95CA-B296A9A8ABEC}"
EndProject
Project("{8BC9CEB8-8B4A-11D0-8D11-00A0C91BC942}") = "Conditionalstatements", "Conditionalstatements\Conditionalstatements.vcxproj", "{57EC91FE-6C11-4C3B-8A4B-83CFAFB72FC7}"
EndProject
Project("{8BC9CEB8-8B4A-11D0-8D11-00A0C91BC942}") = "Loopstatements", "Loopstatements\Loopstatements.vcxproj", "{9EB9F538-838D-48B3-8283-E0CE7FD2BC4C}"
EndProject
Project("{8BC9CEB8-8B4A-11D0-8D11-00A0C91BC942}") = "Arrays", "Arrays\Arrays.vcxproj", "{C5C6C8FA-706A-46FB-B013-911B43C4BBB7}"
EndProject
Project("{8BC9CEB8-8B4A-11D0-8D11-00A0C91BC942}") = "CharArrays", "CharArrays\CharArrays.vcxproj", "{D039F050-EE4E-4245-8F3E-56D565D68646}"
EndProject
Project("{8BC9CEB8-8B4A-11D0-8D11-00A0C91BC942}") = "RecursiveFunctions", "RecursiveFunctions\RecursiveFunctions.vcxproj", "{48E66E89-635F-46B6-A11E-2B41CB0F0BBD}"
EndProject
Project("{8BC9CEB8-8B4A-11D0-8D11-00A0C91BC942}") = "Functions", "Functions\Functions.vcxproj", "{F1573332-950A-4622-9174-7440CE44ACB5}"
EndProject
Project("{8BC9CEB8-8B4A-11D0-8D11-00A0C91BC942}") = "Structures", "Structures\Structures.vcxproj", "{11C2812F-4483-4C12-9C24-CBD780232CEE}"
EndProject
Project("{8BC9CEB8-8B4A-11D0-8D11-00A0C91BC942}") = "Pointers", "Pointers\Pointers.vcxproj", "{0A64D8B3-5E67-425D-B859-C63F9FD09C2A}"
EndProject
Project("{8BC9CEB8-8B4A-11D0-8D11-00A0C91BC942}") = "References", "References\References.vcxproj", "{C609697A-AE5F-4D65-9360-23D7C8C7C498}"
EndProject
Project("{8BC9CEB8-8B4A-11D0-8D11-00A0C91BC942}") = "Class", "Class\Class.vcxproj", "{8D30AD70-3B16-463D-A875-181FFE69B476}"
EndProject
Project("{8BC9CEB8-8B4A-11D0-8D11-00A0C91BC942}") = "Stack", "Stack\Stack.vcxproj", "{EB5A8AB2-F05F-454A-A3A1-557441E58357}"
EndProject
Project("{8BC9CEB8-8B4A-11D0-8D11-00A0C91BC942}") = "Lab00", "Lab00\Lab00.vcxproj", "{020B2C4B-075B-4265-A962-0227F68BCEB0}"
EndProject
Project("{8BC9CEB8-8B4A-11D0-8D11-00A0C91BC942}") = "Inheritance", "Inheritance\Inheritance.vcxproj", "{4AC9905D-969B-418F-9865-CDF0859722D8}"
EndProject
Project("{8BC9CEB8-8B4A-11D0-8D11-00A0C91BC942}") = "Templates", "Templates\Templates.vcxproj", "{01E88F2B-D774-4058-B5C4-68CBF2DB3426}"
EndProject
Global
	GlobalSection(SolutionConfigurationPlatforms) = preSolution
		Debug|x64 = Debug|x64
		Debug|x86 = Debug|x86
		Release|x64 = Release|x64
		Release|x86 = Release|x86
	EndGlobalSection
	GlobalSection(ProjectConfigurationPlatforms) = postSolution
		{32B96EAB-51D4-4E6A-9C32-1061B0DC0A0E}.Debug|x64.ActiveCfg = Debug|x64
		{32B96EAB-51D4-4E6A-9C32-1061B0DC0A0E}.Debug|x64.Build.0 = Debug|x64
		{32B96EAB-51D4-4E6A-9C32-1061B0DC0A0E}.Debug|x86.ActiveCfg = Debug|Win32
		{32B96EAB-51D4-4E6A-9C32-1061B0DC0A0E}.Debug|x86.Build.0 = Debug|Win32
		{32B96EAB-51D4-4E6A-9C32-1061B0DC0A0E}.Release|x64.ActiveCfg = Release|x64
		{32B96EAB-51D4-4E6A-9C32-1061B0DC0A0E}.Release|x64.Build.0 = Release|x64
		{32B96EAB-51D4-4E6A-9C32-1061B0DC0A0E}.Release|x86.ActiveCfg = Release|Win32
		{32B96EAB-51D4-4E6A-9C32-1061B0DC0A0E}.Release|x86.Build.0 = Release|Win32
		{785D2DAE-869C-4A47-95CA-B296A9A8ABEC}.Debug|x64.ActiveCfg = Debug|x64
		{785D2DAE-869C-4A47-95CA-B296A9A8ABEC}.Debug|x64.Build.0 = Debug|x64
		{785D2DAE-869C-4A47-95CA-B296A9A8ABEC}.Debug|x86.ActiveCfg = Debug|Win32
		{785D2DAE-869C-4A47-95CA-B296A9A8ABEC}.Debug|x86.Build.0 = Debug|Win32
		{785D2DAE-869C-4A47-95CA-B296A9A8ABEC}.Release|x64.ActiveCfg = Release|x64
		{785D2DAE-869C-4A47-95CA-B296A9A8ABEC}.Release|x64.Build.0 = Release|x64
		{785D2DAE-869C-4A47-95CA-B296A9A8ABEC}.Release|x86.ActiveCfg = Release|Win32
		{785D2DAE-869C-4A47-95CA-B296A9A8ABEC}.Release|x86.Build.0 = Release|Win32
		{57EC91FE-6C11-4C3B-8A4B-83CFAFB72FC7}.Debug|x64.ActiveCfg = Debug|x64
		{57EC91FE-6C11-4C3B-8A4B-83CFAFB72FC7}.Debug|x64.Build.0 = Debug|x64
		{57EC91FE-6C11-4C3B-8A4B-83CFAFB72FC7}.Debug|x86.ActiveCfg = Debug|Win32
		{57EC91FE-6C11-4C3B-8A4B-83CFAFB72FC7}.Debug|x86.Build.0 = Debug|Win32
		{57EC91FE-6C11-4C3B-8A4B-83CFAFB72FC7}.Release|x64.ActiveCfg = Release|x64
		{57EC91FE-6C11-4C3B-8A4B-83CFAFB72FC7}.Release|x64.Build.0 = Release|x64
		{57EC91FE-6C11-4C3B-8A4B-83CFAFB72FC7}.Release|x86.ActiveCfg = Release|Win32
		{57EC91FE-6C11-4C3B-8A4B-83CFAFB72FC7}.Release|x86.Build.0 = Release|Win32
		{9EB9F538-838D-48B3-8283-E0CE7FD2BC4C}.Debug|x64.ActiveCfg = Debug|x64
		{9EB9F538-838D-48B3-8283-E0CE7FD2BC4C}.Debug|x64.Build.0 = Debug|x64
		{9EB9F538-838D-48B3-8283-E0CE7FD2BC4C}.Debug|x86.ActiveCfg = Debug|Win32
		{9EB9F538-838D-48B3-8283-E0CE7FD2BC4C}.Debug|x86.Build.0 = Debug|Win32
		{9EB9F538-838D-48B3-8283-E0CE7FD2BC4C}.Release|x64.ActiveCfg = Release|x64
		{9EB9F538-838D-48B3-8283-E0CE7FD2BC4C}.Release|x64.Build.0 = Release|x64
		{9EB9F538-838D-48B3-8283-E0CE7FD2BC4C}.Release|x86.ActiveCfg = Release|Win32
		{9EB9F538-838D-48B3-8283-E0CE7FD2BC4C}.Release|x86.Build.0 = Release|Win32
		{C5C6C8FA-706A-46FB-B013-911B43C4BBB7}.Debug|x64.ActiveCfg = Debug|x64
		{C5C6C8FA-706A-46FB-B013-911B43C4BBB7}.Debug|x64.Build.0 = Debug|x64
		{C5C6C8FA-706A-46FB-B013-911B43C4BBB7}.Debug|x86.ActiveCfg = Debug|Win32
		{C5C6C8FA-706A-46FB-B013-911B43C4BBB7}.Debug|x86.Build.0 = Debug|Win32
		{C5C6C8FA-706A-46FB-B013-911B43C4BBB7}.Release|x64.ActiveCfg = Release|x64
		{C5C6C8FA-706A-46FB-B013-911B43C4BBB7}.Release|x64.Build.0 = Release|x64
		{C5C6C8FA-706A-46FB-B013-911B43C4BBB7}.Release|x86.ActiveCfg = Release|Win32
		{C5C6C8FA-706A-46FB-B013-911B43C4BBB7}.Release|x86.Build.0 = Release|Win32
		{D039F050-EE4E-4245-8F3E-56D565D68646}.Debug|x64.ActiveCfg = Debug|x64
		{D039F050-EE4E-4245-8F3E-56D565D68646}.Debug|x64.Build.0 = Debug|x64
		{D039F050-EE4E-4245-8F3E-56D565D68646}.Debug|x86.ActiveCfg = Debug|Win32
		{D039F050-EE4E-4245-8F3E-56D565D68646}.Debug|x86.Build.0 = Debug|Win32
		{D039F050-EE4E-4245-8F3E-56D565D68646}.Release|x64.ActiveCfg = Release|x64
		{D039F050-EE4E-4245-8F3E-56D565D68646}.Release|x64.Build.0 = Release|x64
		{D039F050-EE4E-4245-8F3E-56D565D68646}.Release|x86.ActiveCfg = Release|Win32
		{D039F050-EE4E-4245-8F3E-56D565D68646}.Release|x86.Build.0 = Release|Win32
		{48E66E89-635F-46B6-A11E-2B41CB0F0BBD}.Debug|x64.ActiveCfg = Debug|x64
		{48E66E89-635F-46B6-A11E-2B41CB0F0BBD}.Debug|x64.Build.0 = Debug|x64
		{48E66E89-635F-46B6-A11E-2B41CB0F0BBD}.Debug|x86.ActiveCfg = Debug|Win32
		{48E66E89-635F-46B6-A11E-2B41CB0F0BBD}.Debug|x86.Build.0 = Debug|Win32
		{48E66E89-635F-46B6-A11E-2B41CB0F0BBD}.Release|x64.ActiveCfg = Release|x64
		{48E66E89-635F-46B6-A11E-2B41CB0F0BBD}.Release|x64.Build.0 = Release|x64
		{48E66E89-635F-46B6-A11E-2B41CB0F0BBD}.Release|x86.ActiveCfg = Release|Win32
		{48E66E89-635F-46B6-A11E-2B41CB0F0BBD}.Release|x86.Build.0 = Release|Win32
		{F1573332-950A-4622-9174-7440CE44ACB5}.Debug|x64.ActiveCfg = Debug|x64
		{F1573332-950A-4622-9174-7440CE44ACB5}.Debug|x64.Build.0 = Debug|x64
		{F1573332-950A-4622-9174-7440CE44ACB5}.Debug|x86.ActiveCfg = Debug|Win32
		{F1573332-950A-4622-9174-7440CE44ACB5}.Debug|x86.Build.0 = Debug|Win32
		{F1573332-950A-4622-9174-7440CE44ACB5}.Release|x64.ActiveCfg = Release|x64
		{F1573332-950A-4622-9174-7440CE44ACB5}.Release|x64.Build.0 = Release|x64
		{F1573332-950A-4622-9174-7440CE44ACB5}.Release|x86.ActiveCfg = Release|Win32
		{F1573332-950A-4622-9174-7440CE44ACB5}.Release|x86.Build.0 = Release|Win32
		{11C2812F-4483-4C12-9C24-CBD780232CEE}.Debug|x64.ActiveCfg = Debug|x64
		{11C2812F-4483-4C12-9C24-CBD780232CEE}.Debug|x64.Build.0 = Debug|x64
		{11C2812F-4483-4C12-9C24-CBD780232CEE}.Debug|x86.ActiveCfg = Debug|Win32
		{11C2812F-4483-4C12-9C24-CBD780232CEE}.Debug|x86.Build.0 = Debug|Win32
		{11C2812F-4483-4C12-9C24-CBD780232CEE}.Release|x64.ActiveCfg = Release|x64
		{11C2812F-4483-4C12-9C24-CBD780232CEE}.Release|x64.Build.0 = Release|x64
		{11C2812F-4483-4C12-9C24-CBD780232CEE}.Release|x86.ActiveCfg = Release|Win32
		{11C2812F-4483-4C12-9C24-CBD780232CEE}.Release|x86.Build.0 = Release|Win32
		{0A64D8B3-5E67-425D-B859-C63F9FD09C2A}.Debug|x64.ActiveCfg = Debug|x64
		{0A64D8B3-5E67-425D-B859-C63F9FD09C2A}.Debug|x64.Build.0 = Debug|x64
		{0A64D8B3-5E67-425D-B859-C63F9FD09C2A}.Debug|x86.ActiveCfg = Debug|Win32
		{0A64D8B3-5E67-425D-B859-C63F9FD09C2A}.Debug|x86.Build.0 = Debug|Win32
		{0A64D8B3-5E67-425D-B859-C63F9FD09C2A}.Release|x64.ActiveCfg = Release|x64
		{0A64D8B3-5E67-425D-B859-C63F9FD09C2A}.Release|x64.Build.0 = Release|x64
		{0A64D8B3-5E67-425D-B859-C63F9FD09C2A}.Release|x86.ActiveCfg = Release|Win32
		{0A64D8B3-5E67-425D-B859-C63F9FD09C2A}.Release|x86.Build.0 = Release|Win32
		{C609697A-AE5F-4D65-9360-23D7C8C7C498}.Debug|x64.ActiveCfg = Debug|x64
		{C609697A-AE5F-4D65-9360-23D7C8C7C498}.Debug|x64.Build.0 = Debug|x64
		{C609697A-AE5F-4D65-9360-23D7C8C7C498}.Debug|x86.ActiveCfg = Debug|Win32
		{C609697A-AE5F-4D65-9360-23D7C8C7C498}.Debug|x86.Build.0 = Debug|Win32
		{C609697A-AE5F-4D65-9360-23D7C8C7C498}.Release|x64.ActiveCfg = Release|x64
		{C609697A-AE5F-4D65-9360-23D7C8C7C498}.Release|x64.Build.0 = Release|x64
		{C609697A-AE5F-4D65-9360-23D7C8C7C498}.Release|x86.ActiveCfg = Release|Win32
		{C609697A-AE5F-4D65-9360-23D7C8C7C498}.Release|x86.Build.0 = Release|Win32
		{8D30AD70-3B16-463D-A875-181FFE69B476}.Debug|x64.ActiveCfg = Debug|x64
		{8D30AD70-3B16-463D-A875-181FFE69B476}.Debug|x64.Build.0 = Debug|x64
		{8D30AD70-3B16-463D-A875-181FFE69B476}.Debug|x86.ActiveCfg = Debug|Win32
		{8D30AD70-3B16-463D-A875-181FFE69B476}.Debug|x86.Build.0 = Debug|Win32
		{8D30AD70-3B16-463D-A875-181FFE69B476}.Release|x64.ActiveCfg = Release|x64
		{8D30AD70-3B16-463D-A875-181FFE69B476}.Release|x64.Build.0 = Release|x64
		{8D30AD70-3B16-463D-A875-181FFE69B476}.Release|x86.ActiveCfg = Release|Win32
		{8D30AD70-3B16-463D-A875-181FFE69B476}.Release|x86.Build.0 = Release|Win32
		{EB5A8AB2-F05F-454A-A3A1-557441E58357}.Debug|x64.ActiveCfg = Debug|x64
		{EB5A8AB2-F05F-454A-A3A1-557441E58357}.Debug|x64.Build.0 = Debug|x64
		{EB5A8AB2-F05F-454A-A3A1-557441E58357}.Debug|x86.ActiveCfg = Debug|Win32
		{EB5A8AB2-F05F-454A-A3A1-557441E58357}.Debug|x86.Build.0 = Debug|Win32
		{EB5A8AB2-F05F-454A-A3A1-557441E58357}.Release|x64.ActiveCfg = Release|x64
		{EB5A8AB2-F05F-454A-A3A1-557441E58357}.Release|x64.Build.0 = Release|x64
		{EB5A8AB2-F05F-454A-A3A1-557441E58357}.Release|x86.ActiveCfg = Release|Win32
		{EB5A8AB2-F05F-454A-A3A1-557441E58357}.Release|x86.Build.0 = Release|Win32
		{020B2C4B-075B-4265-A962-0227F68BCEB0}.Debug|x64.ActiveCfg = Debug|x64
		{020B2C4B-075B-4265-A962-0227F68BCEB0}.Debug|x64.Build.0 = Debug|x64
		{020B2C4B-075B-4265-A962-0227F68BCEB0}.Debug|x86.ActiveCfg = Debug|Win32
		{020B2C4B-075B-4265-A962-0227F68BCEB0}.Debug|x86.Build.0 = Debug|Win32
		{020B2C4B-075B-4265-A962-0227F68BCEB0}.Release|x64.ActiveCfg = Release|x64
		{020B2C4B-075B-4265-A962-0227F68BCEB0}.Release|x64.Build.0 = Release|x64
		{020B2C4B-075B-4265-A962-0227F68BCEB0}.Release|x86.ActiveCfg = Release|Win32
		{020B2C4B-075B-4265-A962-0227F68BCEB0}.Release|x86.Build.0 = Release|Win32
		{4AC9905D-969B-418F-9865-CDF0859722D8}.Debug|x64.ActiveCfg = Debug|x64
		{4AC9905D-969B-418F-9865-CDF0859722D8}.Debug|x64.Build.0 = Debug|x64
		{4AC9905D-969B-418F-9865-CDF0859722D8}.Debug|x86.ActiveCfg = Debug|Win32
		{4AC9905D-969B-418F-9865-CDF0859722D8}.Debug|x86.Build.0 = Debug|Win32
		{4AC9905D-969B-418F-9865-CDF0859722D8}.Release|x64.ActiveCfg = Release|x64
		{4AC9905D-969B-418F-9865-CDF0859722D8}.Release|x64.Build.0 = Release|x64
		{4AC9905D-969B-418F-9865-CDF0859722D8}.Release|x86.ActiveCfg = Release|Win32
		{4AC9905D-969B-418F-9865-CDF0859722D8}.Release|x86.Build.0 = Release|Win32
		{01E88F2B-D774-4058-B5C4-68CBF2DB3426}.Debug|x64.ActiveCfg = Debug|x64
		{01E88F2B-D774-4058-B5C4-68CBF2DB3426}.Debug|x64.Build.0 = Debug|x64
		{01E88F2B-D774-4058-B5C4-68CBF2DB3426}.Debug|x86.ActiveCfg = Debug|Win32
		{01E88F2B-D774-4058-B5C4-68CBF2DB3426}.Debug|x86.Build.0 = Debug|Win32
		{01E88F2B-D774-4058-B5C4-68CBF2DB3426}.Release|x64.ActiveCfg = Release|x64
		{01E88F2B-D774-4058-B5C4-68CBF2DB3426}.Release|x64.Build.0 = Release|x64
		{01E88F2B-D774-4058-B5C4-68CBF2DB3426}.Release|x86.ActiveCfg = Release|Win32
		{01E88F2B-D774-4058-B5C4-68CBF2DB3426}.Release|x86.Build.0 = Release|Win32
	EndGlobalSection
	GlobalSection(SolutionProperties) = preSolution
		HideSolutionNode = FALSE
	EndGlobalSection
	GlobalSection(ExtensibilityGlobals) = postSolution
		SolutionGuid = {19200F1A-83CE-43D9-9F11-44377D47DCF3}
	EndGlobalSection
EndGlobal
